
Microsoft Visual Studio Solution File, Format Version 12.00
# Visual Studio Version 17
VisualStudioVersion = 17.3.32825.248
MinimumVisualStudioVersion = 10.0.40219.1
Project("{2150E333-8FDC-42A3-9474-1A3956D46DE8}") = "src", "src", "{DE6C4F74-8F71-40D1-9918-25C5ECCD5393}"
EndProject
Project("{2150E333-8FDC-42A3-9474-1A3956D46DE8}") = "corePackages", "corePackages", "{1502C1CF-2B2A-44E3-8C1F-6A8980500215}"
EndProject
Project("{9A19103F-16F7-4668-BE54-9A1E7A4F7556}") = "Core.Application", "src\corePackages\Core.Application\Core.Application.csproj", "{A67A875F-6D8D-4EAF-BBFE-9992E1595382}"
EndProject
Project("{9A19103F-16F7-4668-BE54-9A1E7A4F7556}") = "Core.CrossCuttingConcerns", "src\corePackages\Core.CrossCuttingConcers\Core.CrossCuttingConcerns.csproj", "{467A7FF6-879D-4679-92C0-F8E5955AA369}"
EndProject
Project("{9A19103F-16F7-4668-BE54-9A1E7A4F7556}") = "Core.ElasticSearch", "src\corePackages\Core.ElasticSearch\Core.ElasticSearch.csproj", "{BCDFD4A9-E36D-47B9-89C4-74035F14E873}"
EndProject
Project("{9A19103F-16F7-4668-BE54-9A1E7A4F7556}") = "Core.Mailing", "src\corePackages\Core.Mailing\Core.Mailing.csproj", "{377BBC3E-8419-4106-AD42-DCF39F0EAFFB}"
EndProject
Project("{9A19103F-16F7-4668-BE54-9A1E7A4F7556}") = "Core.Persistence", "src\corePackages\Core.Persistence\Core.Persistence.csproj", "{40D90CE5-F524-4CD0-9D02-91AC352D3440}"
EndProject
Project("{9A19103F-16F7-4668-BE54-9A1E7A4F7556}") = "Core.Security", "src\corePackages\Core.Security\Core.Security.csproj", "{A2F85DB8-3062-4121-B23E-FD6DA509A0BC}"
EndProject
Project("{2150E333-8FDC-42A3-9474-1A3956D46DE8}") = "Projects", "Projects", "{1FDAC44A-D72C-4C0D-A53E-7732A9B5BD6E}"
EndProject
Project("{2150E333-8FDC-42A3-9474-1A3956D46DE8}") = "KodlamaIoDevs", "KodlamaIoDevs", "{5B8A2F41-3B6D-4DB1-A0D1-D1B87958FF7F}"
EndProject
Project("{9A19103F-16F7-4668-BE54-9A1E7A4F7556}") = "KodlamaioDevs.Application", "src\Projects\KodlamaIoDevs\KodlamaIoDevs.Application\KodlamaioDevs.Application.csproj", "{F255F173-17A2-4005-83CF-4495EF3CF3BE}"
EndProject
Project("{9A19103F-16F7-4668-BE54-9A1E7A4F7556}") = "KodlamaioDevs.Domain", "src\Projects\KodlamaIoDevs\KodlamaIoDevs.Domain\KodlamaioDevs.Domain.csproj", "{3F7F3CE6-89AC-4175-8013-5F00767153CB}"
EndProject
Project("{9A19103F-16F7-4668-BE54-9A1E7A4F7556}") = "KodlamaioDevs.Infrastructure", "src\Projects\KodlamaIoDevs\KodlamaIoDevs.Infrastructure\KodlamaioDevs.Infrastructure.csproj", "{E167B476-F9D8-41F6-AC05-60FFE29494B2}"
EndProject
Project("{9A19103F-16F7-4668-BE54-9A1E7A4F7556}") = "KodlamaioDevs.Persistence", "src\Projects\KodlamaIoDevs\KodlamaIoDevs.Persistence\KodlamaioDevs.Persistence.csproj", "{31393284-73D2-4B41-A786-92765CC9FAD9}"
EndProject
Project("{9A19103F-16F7-4668-BE54-9A1E7A4F7556}") = "KodlamaioDevs.WebAPI", "src\Projects\KodlamaIoDevs\KodlamaIoDevs.WebAPI\KodlamaioDevs.WebAPI.csproj", "{20FCB28F-A6AD-4B9A-B484-B1CD437DC6C5}"
EndProject
Global
	GlobalSection(SolutionConfigurationPlatforms) = preSolution
		Debug|Any CPU = Debug|Any CPU
		Release|Any CPU = Release|Any CPU
	EndGlobalSection
	GlobalSection(ProjectConfigurationPlatforms) = postSolution
		{A67A875F-6D8D-4EAF-BBFE-9992E1595382}.Debug|Any CPU.ActiveCfg = Debug|Any CPU
		{A67A875F-6D8D-4EAF-BBFE-9992E1595382}.Debug|Any CPU.Build.0 = Debug|Any CPU
		{A67A875F-6D8D-4EAF-BBFE-9992E1595382}.Release|Any CPU.ActiveCfg = Release|Any CPU
		{A67A875F-6D8D-4EAF-BBFE-9992E1595382}.Release|Any CPU.Build.0 = Release|Any CPU
		{467A7FF6-879D-4679-92C0-F8E5955AA369}.Debug|Any CPU.ActiveCfg = Debug|Any CPU
		{467A7FF6-879D-4679-92C0-F8E5955AA369}.Debug|Any CPU.Build.0 = Debug|Any CPU
		{467A7FF6-879D-4679-92C0-F8E5955AA369}.Release|Any CPU.ActiveCfg = Release|Any CPU
		{467A7FF6-879D-4679-92C0-F8E5955AA369}.Release|Any CPU.Build.0 = Release|Any CPU
		{BCDFD4A9-E36D-47B9-89C4-74035F14E873}.Debug|Any CPU.ActiveCfg = Debug|Any CPU
		{BCDFD4A9-E36D-47B9-89C4-74035F14E873}.Debug|Any CPU.Build.0 = Debug|Any CPU
		{BCDFD4A9-E36D-47B9-89C4-74035F14E873}.Release|Any CPU.ActiveCfg = Release|Any CPU
		{BCDFD4A9-E36D-47B9-89C4-74035F14E873}.Release|Any CPU.Build.0 = Release|Any CPU
		{377BBC3E-8419-4106-AD42-DCF39F0EAFFB}.Debug|Any CPU.ActiveCfg = Debug|Any CPU
		{377BBC3E-8419-4106-AD42-DCF39F0EAFFB}.Debug|Any CPU.Build.0 = Debug|Any CPU
		{377BBC3E-8419-4106-AD42-DCF39F0EAFFB}.Release|Any CPU.ActiveCfg = Release|Any CPU
		{377BBC3E-8419-4106-AD42-DCF39F0EAFFB}.Release|Any CPU.Build.0 = Release|Any CPU
		{40D90CE5-F524-4CD0-9D02-91AC352D3440}.Debug|Any CPU.ActiveCfg = Debug|Any CPU
		{40D90CE5-F524-4CD0-9D02-91AC352D3440}.Debug|Any CPU.Build.0 = Debug|Any CPU
		{40D90CE5-F524-4CD0-9D02-91AC352D3440}.Release|Any CPU.ActiveCfg = Release|Any CPU
		{40D90CE5-F524-4CD0-9D02-91AC352D3440}.Release|Any CPU.Build.0 = Release|Any CPU
		{A2F85DB8-3062-4121-B23E-FD6DA509A0BC}.Debug|Any CPU.ActiveCfg = Debug|Any CPU
		{A2F85DB8-3062-4121-B23E-FD6DA509A0BC}.Debug|Any CPU.Build.0 = Debug|Any CPU
		{A2F85DB8-3062-4121-B23E-FD6DA509A0BC}.Release|Any CPU.ActiveCfg = Release|Any CPU
		{A2F85DB8-3062-4121-B23E-FD6DA509A0BC}.Release|Any CPU.Build.0 = Release|Any CPU
		{F255F173-17A2-4005-83CF-4495EF3CF3BE}.Debug|Any CPU.ActiveCfg = Debug|Any CPU
		{F255F173-17A2-4005-83CF-4495EF3CF3BE}.Debug|Any CPU.Build.0 = Debug|Any CPU
		{F255F173-17A2-4005-83CF-4495EF3CF3BE}.Release|Any CPU.ActiveCfg = Release|Any CPU
		{F255F173-17A2-4005-83CF-4495EF3CF3BE}.Release|Any CPU.Build.0 = Release|Any CPU
		{3F7F3CE6-89AC-4175-8013-5F00767153CB}.Debug|Any CPU.ActiveCfg = Debug|Any CPU
		{3F7F3CE6-89AC-4175-8013-5F00767153CB}.Debug|Any CPU.Build.0 = Debug|Any CPU
		{3F7F3CE6-89AC-4175-8013-5F00767153CB}.Release|Any CPU.ActiveCfg = Release|Any CPU
		{3F7F3CE6-89AC-4175-8013-5F00767153CB}.Release|Any CPU.Build.0 = Release|Any CPU
		{E167B476-F9D8-41F6-AC05-60FFE29494B2}.Debug|Any CPU.ActiveCfg = Debug|Any CPU
		{E167B476-F9D8-41F6-AC05-60FFE29494B2}.Debug|Any CPU.Build.0 = Debug|Any CPU
		{E167B476-F9D8-41F6-AC05-60FFE29494B2}.Release|Any CPU.ActiveCfg = Release|Any CPU
		{E167B476-F9D8-41F6-AC05-60FFE29494B2}.Release|Any CPU.Build.0 = Release|Any CPU
		{31393284-73D2-4B41-A786-92765CC9FAD9}.Debug|Any CPU.ActiveCfg = Debug|Any CPU
		{31393284-73D2-4B41-A786-92765CC9FAD9}.Debug|Any CPU.Build.0 = Debug|Any CPU
		{31393284-73D2-4B41-A786-92765CC9FAD9}.Release|Any CPU.ActiveCfg = Release|Any CPU
		{31393284-73D2-4B41-A786-92765CC9FAD9}.Release|Any CPU.Build.0 = Release|Any CPU
		{20FCB28F-A6AD-4B9A-B484-B1CD437DC6C5}.Debug|Any CPU.ActiveCfg = Debug|Any CPU
		{20FCB28F-A6AD-4B9A-B484-B1CD437DC6C5}.Debug|Any CPU.Build.0 = Debug|Any CPU
		{20FCB28F-A6AD-4B9A-B484-B1CD437DC6C5}.Release|Any CPU.ActiveCfg = Release|Any CPU
		{20FCB28F-A6AD-4B9A-B484-B1CD437DC6C5}.Release|Any CPU.Build.0 = Release|Any CPU
	EndGlobalSection
	GlobalSection(SolutionProperties) = preSolution
		HideSolutionNode = FALSE
	EndGlobalSection
	GlobalSection(NestedProjects) = preSolution
		{1502C1CF-2B2A-44E3-8C1F-6A8980500215} = {DE6C4F74-8F71-40D1-9918-25C5ECCD5393}
		{A67A875F-6D8D-4EAF-BBFE-9992E1595382} = {1502C1CF-2B2A-44E3-8C1F-6A8980500215}
		{467A7FF6-879D-4679-92C0-F8E5955AA369} = {1502C1CF-2B2A-44E3-8C1F-6A8980500215}
		{BCDFD4A9-E36D-47B9-89C4-74035F14E873} = {1502C1CF-2B2A-44E3-8C1F-6A8980500215}
		{377BBC3E-8419-4106-AD42-DCF39F0EAFFB} = {1502C1CF-2B2A-44E3-8C1F-6A8980500215}
		{40D90CE5-F524-4CD0-9D02-91AC352D3440} = {1502C1CF-2B2A-44E3-8C1F-6A8980500215}
		{A2F85DB8-3062-4121-B23E-FD6DA509A0BC} = {1502C1CF-2B2A-44E3-8C1F-6A8980500215}
		{1FDAC44A-D72C-4C0D-A53E-7732A9B5BD6E} = {DE6C4F74-8F71-40D1-9918-25C5ECCD5393}
		{5B8A2F41-3B6D-4DB1-A0D1-D1B87958FF7F} = {1FDAC44A-D72C-4C0D-A53E-7732A9B5BD6E}
		{F255F173-17A2-4005-83CF-4495EF3CF3BE} = {5B8A2F41-3B6D-4DB1-A0D1-D1B87958FF7F}
		{3F7F3CE6-89AC-4175-8013-5F00767153CB} = {5B8A2F41-3B6D-4DB1-A0D1-D1B87958FF7F}
		{E167B476-F9D8-41F6-AC05-60FFE29494B2} = {5B8A2F41-3B6D-4DB1-A0D1-D1B87958FF7F}
		{31393284-73D2-4B41-A786-92765CC9FAD9} = {5B8A2F41-3B6D-4DB1-A0D1-D1B87958FF7F}
		{20FCB28F-A6AD-4B9A-B484-B1CD437DC6C5} = {5B8A2F41-3B6D-4DB1-A0D1-D1B87958FF7F}
	EndGlobalSection
	GlobalSection(ExtensibilityGlobals) = postSolution
		SolutionGuid = {9FDD9AB8-7330-4C59-BD66-0090E8802DCC}
	EndGlobalSection
EndGlobal
